
Microsoft Visual Studio Solution File, Format Version 12.00
# Visual Studio Version 17
VisualStudioVersion = 17.11.35303.130
MinimumVisualStudioVersion = 10.0.40219.1
Project("{9A19103F-16F7-4668-BE54-9A1E7A4F7556}") = "ConfeccionesSAT", "ConfeccionesSAT\ConfeccionesSAT.csproj", "{FCFDFDE1-0C30-4C6B-AF1E-2CDB59B2201D}"
EndProject
Project("{2150E333-8FDC-42A3-9474-1A3956D46DE8}") = "API", "API", "{974B69E3-B271-476F-B37D-A2BD47688B4B}"
EndProject
Project("{2150E333-8FDC-42A3-9474-1A3956D46DE8}") = "Utility", "Utility", "{90857736-63D4-4F86-87E6-7D5F4DEFC6C1}"
EndProject
Project("{2150E333-8FDC-42A3-9474-1A3956D46DE8}") = "Service", "Service", "{3F6A8847-C090-421D-AED9-9090CDDC20F9}"
EndProject
Project("{2150E333-8FDC-42A3-9474-1A3956D46DE8}") = "Model", "Model", "{8AC6662C-53C6-44C9-8D55-0DE775E08E51}"
EndProject
Project("{2150E333-8FDC-42A3-9474-1A3956D46DE8}") = "Shared", "Shared", "{92D7F4C7-D6B6-4E17-9444-801954256C43}"
EndProject
Project("{2150E333-8FDC-42A3-9474-1A3956D46DE8}") = "DTO", "DTO", "{786534DE-D132-43A7-86E4-28287091A854}"
EndProject
Project("{9A19103F-16F7-4668-BE54-9A1E7A4F7556}") = "Interfaces", "Interfaces\Interfaces.csproj", "{29C96B4F-4B47-4142-8624-091F83A6B3D7}"
EndProject
Project("{9A19103F-16F7-4668-BE54-9A1E7A4F7556}") = "Services", "Services\Services.csproj", "{98005264-66E8-43D8-A689-FF3136E55B40}"
EndProject
Project("{9A19103F-16F7-4668-BE54-9A1E7A4F7556}") = "Models", "Models\Models.csproj", "{F9CB8958-EC3C-4137-A2D3-74604F2B2D2D}"
EndProject
Project("{9A19103F-16F7-4668-BE54-9A1E7A4F7556}") = "Repository", "Repository\Repository.csproj", "{20611C57-D543-4926-9EB5-F779EB30879F}"
EndProject
Project("{9A19103F-16F7-4668-BE54-9A1E7A4F7556}") = "Configurations", "Shared\Configurations.csproj", "{3568EFB8-C4D7-4AEC-B5C5-352C7537718E}"
EndProject
Project("{9A19103F-16F7-4668-BE54-9A1E7A4F7556}") = "Utilities", "Utilities\Utilities.csproj", "{ADCCDFF9-42AC-49E1-BF47-60EB8F42A75F}"
EndProject
Project("{9A19103F-16F7-4668-BE54-9A1E7A4F7556}") = "DTO", "DTO\DTO.csproj", "{DF92A40A-8417-49FD-AA7C-BA9E65A15B4C}"
EndProject
Global
	GlobalSection(SolutionConfigurationPlatforms) = preSolution
		Debug|Any CPU = Debug|Any CPU
		Release|Any CPU = Release|Any CPU
	EndGlobalSection
	GlobalSection(ProjectConfigurationPlatforms) = postSolution
		{FCFDFDE1-0C30-4C6B-AF1E-2CDB59B2201D}.Debug|Any CPU.ActiveCfg = Debug|Any CPU
		{FCFDFDE1-0C30-4C6B-AF1E-2CDB59B2201D}.Debug|Any CPU.Build.0 = Debug|Any CPU
		{FCFDFDE1-0C30-4C6B-AF1E-2CDB59B2201D}.Release|Any CPU.ActiveCfg = Release|Any CPU
		{FCFDFDE1-0C30-4C6B-AF1E-2CDB59B2201D}.Release|Any CPU.Build.0 = Release|Any CPU
		{29C96B4F-4B47-4142-8624-091F83A6B3D7}.Debug|Any CPU.ActiveCfg = Debug|Any CPU
		{29C96B4F-4B47-4142-8624-091F83A6B3D7}.Debug|Any CPU.Build.0 = Debug|Any CPU
		{29C96B4F-4B47-4142-8624-091F83A6B3D7}.Release|Any CPU.ActiveCfg = Release|Any CPU
		{29C96B4F-4B47-4142-8624-091F83A6B3D7}.Release|Any CPU.Build.0 = Release|Any CPU
		{98005264-66E8-43D8-A689-FF3136E55B40}.Debug|Any CPU.ActiveCfg = Debug|Any CPU
		{98005264-66E8-43D8-A689-FF3136E55B40}.Debug|Any CPU.Build.0 = Debug|Any CPU
		{98005264-66E8-43D8-A689-FF3136E55B40}.Release|Any CPU.ActiveCfg = Release|Any CPU
		{98005264-66E8-43D8-A689-FF3136E55B40}.Release|Any CPU.Build.0 = Release|Any CPU
		{F9CB8958-EC3C-4137-A2D3-74604F2B2D2D}.Debug|Any CPU.ActiveCfg = Debug|Any CPU
		{F9CB8958-EC3C-4137-A2D3-74604F2B2D2D}.Debug|Any CPU.Build.0 = Debug|Any CPU
		{F9CB8958-EC3C-4137-A2D3-74604F2B2D2D}.Release|Any CPU.ActiveCfg = Release|Any CPU
		{F9CB8958-EC3C-4137-A2D3-74604F2B2D2D}.Release|Any CPU.Build.0 = Release|Any CPU
		{20611C57-D543-4926-9EB5-F779EB30879F}.Debug|Any CPU.ActiveCfg = Debug|Any CPU
		{20611C57-D543-4926-9EB5-F779EB30879F}.Debug|Any CPU.Build.0 = Debug|Any CPU
		{20611C57-D543-4926-9EB5-F779EB30879F}.Release|Any CPU.ActiveCfg = Release|Any CPU
		{20611C57-D543-4926-9EB5-F779EB30879F}.Release|Any CPU.Build.0 = Release|Any CPU
		{3568EFB8-C4D7-4AEC-B5C5-352C7537718E}.Debug|Any CPU.ActiveCfg = Debug|Any CPU
		{3568EFB8-C4D7-4AEC-B5C5-352C7537718E}.Debug|Any CPU.Build.0 = Debug|Any CPU
		{3568EFB8-C4D7-4AEC-B5C5-352C7537718E}.Release|Any CPU.ActiveCfg = Release|Any CPU
		{3568EFB8-C4D7-4AEC-B5C5-352C7537718E}.Release|Any CPU.Build.0 = Release|Any CPU
		{ADCCDFF9-42AC-49E1-BF47-60EB8F42A75F}.Debug|Any CPU.ActiveCfg = Debug|Any CPU
		{ADCCDFF9-42AC-49E1-BF47-60EB8F42A75F}.Debug|Any CPU.Build.0 = Debug|Any CPU
		{ADCCDFF9-42AC-49E1-BF47-60EB8F42A75F}.Release|Any CPU.ActiveCfg = Release|Any CPU
		{ADCCDFF9-42AC-49E1-BF47-60EB8F42A75F}.Release|Any CPU.Build.0 = Release|Any CPU
		{DF92A40A-8417-49FD-AA7C-BA9E65A15B4C}.Debug|Any CPU.ActiveCfg = Debug|Any CPU
		{DF92A40A-8417-49FD-AA7C-BA9E65A15B4C}.Debug|Any CPU.Build.0 = Debug|Any CPU
		{DF92A40A-8417-49FD-AA7C-BA9E65A15B4C}.Release|Any CPU.ActiveCfg = Release|Any CPU
		{DF92A40A-8417-49FD-AA7C-BA9E65A15B4C}.Release|Any CPU.Build.0 = Release|Any CPU
	EndGlobalSection
	GlobalSection(SolutionProperties) = preSolution
		HideSolutionNode = FALSE
	EndGlobalSection
	GlobalSection(NestedProjects) = preSolution
		{FCFDFDE1-0C30-4C6B-AF1E-2CDB59B2201D} = {974B69E3-B271-476F-B37D-A2BD47688B4B}
		{29C96B4F-4B47-4142-8624-091F83A6B3D7} = {3F6A8847-C090-421D-AED9-9090CDDC20F9}
		{98005264-66E8-43D8-A689-FF3136E55B40} = {3F6A8847-C090-421D-AED9-9090CDDC20F9}
		{F9CB8958-EC3C-4137-A2D3-74604F2B2D2D} = {8AC6662C-53C6-44C9-8D55-0DE775E08E51}
		{20611C57-D543-4926-9EB5-F779EB30879F} = {8AC6662C-53C6-44C9-8D55-0DE775E08E51}
		{3568EFB8-C4D7-4AEC-B5C5-352C7537718E} = {92D7F4C7-D6B6-4E17-9444-801954256C43}
		{ADCCDFF9-42AC-49E1-BF47-60EB8F42A75F} = {90857736-63D4-4F86-87E6-7D5F4DEFC6C1}
		{DF92A40A-8417-49FD-AA7C-BA9E65A15B4C} = {786534DE-D132-43A7-86E4-28287091A854}
	EndGlobalSection
	GlobalSection(ExtensibilityGlobals) = postSolution
		SolutionGuid = {3348305F-8065-44D6-A123-3B68A80E0992}
	EndGlobalSection
EndGlobal
